
Microsoft Visual Studio Solution File, Format Version 12.00
# Visual Studio Version 17
VisualStudioVersion = 17.2.32630.192
MinimumVisualStudioVersion = 10.0.40219.1
Project("{FAE04EC0-301F-11D3-BF4B-00C04F79EFBC}") = "C-", "C-\C-.csproj", "{9DF3EFAB-4646-4D2C-9013-D39D5E1C7186}"
EndProject
Global
	GlobalSection(SolutionConfigurationPlatforms) = preSolution
		Debug|Any CPU = Debug|Any CPU
		Release|Any CPU = Release|Any CPU
	EndGlobalSection
	GlobalSection(ProjectConfigurationPlatforms) = postSolution
		{9DF3EFAB-4646-4D2C-9013-D39D5E1C7186}.Debug|Any CPU.ActiveCfg = Debug|Any CPU
		{9DF3EFAB-4646-4D2C-9013-D39D5E1C7186}.Debug|Any CPU.Build.0 = Debug|Any CPU
		{9DF3EFAB-4646-4D2C-9013-D39D5E1C7186}.Release|Any CPU.ActiveCfg = Release|Any CPU
		{9DF3EFAB-4646-4D2C-9013-D39D5E1C7186}.Release|Any CPU.Build.0 = Release|Any CPU
	EndGlobalSection
	GlobalSection(SolutionProperties) = preSolution
		HideSolutionNode = FALSE
	EndGlobalSection
	GlobalSection(ExtensibilityGlobals) = postSolution
		SolutionGuid = {29E192F7-9467-4B0E-90D7-62368B9C9A5B}
	EndGlobalSection
EndGlobal
