
Microsoft Visual Studio Solution File, Format Version 12.00
# Visual Studio Version 17
VisualStudioVersion = 17.2.32616.157
MinimumVisualStudioVersion = 10.0.40219.1
Project("{9A19103F-16F7-4668-BE54-9A1E7A4F7556}") = "GeometricObject", "GeometricObject\GeometricObject.csproj", "{0BEB4A59-EDE7-45F6-990B-813D314E546D}"
EndProject
Global
	GlobalSection(SolutionConfigurationPlatforms) = preSolution
		Debug|Any CPU = Debug|Any CPU
		Release|Any CPU = Release|Any CPU
	EndGlobalSection
	GlobalSection(ProjectConfigurationPlatforms) = postSolution
		{0BEB4A59-EDE7-45F6-990B-813D314E546D}.Debug|Any CPU.ActiveCfg = Debug|Any CPU
		{0BEB4A59-EDE7-45F6-990B-813D314E546D}.Debug|Any CPU.Build.0 = Debug|Any CPU
		{0BEB4A59-EDE7-45F6-990B-813D314E546D}.Release|Any CPU.ActiveCfg = Release|Any CPU
		{0BEB4A59-EDE7-45F6-990B-813D314E546D}.Release|Any CPU.Build.0 = Release|Any CPU
	EndGlobalSection
	GlobalSection(SolutionProperties) = preSolution
		HideSolutionNode = FALSE
	EndGlobalSection
	GlobalSection(ExtensibilityGlobals) = postSolution
		SolutionGuid = {7540910A-0D6B-46FB-AE20-F2DC183E143B}
	EndGlobalSection
EndGlobal
